
Microsoft Visual Studio Solution File, Format Version 12.00
# Visual Studio Version 16
VisualStudioVersion = 16.0.30804.86
MinimumVisualStudioVersion = 10.0.40219.1
Project("{9A19103F-16F7-4668-BE54-9A1E7A4F7556}") = "StringBuilderProvider", "StringBuilderProvider\StringBuilderProvider.csproj", "{A94DC946-35F6-4C81-B369-73CCA12B783D}"
EndProject
Project("{FAE04EC0-301F-11D3-BF4B-00C04F79EFBC}") = "TestConsole", "TestConsole\TestConsole.csproj", "{CE98AF8C-CDCE-4F6A-B8AC-936E532233AF}"
EndProject
Global
	GlobalSection(SolutionConfigurationPlatforms) = preSolution
		Debug|Any CPU = Debug|Any CPU
		Release|Any CPU = Release|Any CPU
	EndGlobalSection
	GlobalSection(ProjectConfigurationPlatforms) = postSolution
		{A94DC946-35F6-4C81-B369-73CCA12B783D}.Debug|Any CPU.ActiveCfg = Debug|Any CPU
		{A94DC946-35F6-4C81-B369-73CCA12B783D}.Debug|Any CPU.Build.0 = Debug|Any CPU
		{A94DC946-35F6-4C81-B369-73CCA12B783D}.Release|Any CPU.ActiveCfg = Release|Any CPU
		{A94DC946-35F6-4C81-B369-73CCA12B783D}.Release|Any CPU.Build.0 = Release|Any CPU
		{CE98AF8C-CDCE-4F6A-B8AC-936E532233AF}.Debug|Any CPU.ActiveCfg = Debug|Any CPU
		{CE98AF8C-CDCE-4F6A-B8AC-936E532233AF}.Debug|Any CPU.Build.0 = Debug|Any CPU
		{CE98AF8C-CDCE-4F6A-B8AC-936E532233AF}.Release|Any CPU.ActiveCfg = Release|Any CPU
		{CE98AF8C-CDCE-4F6A-B8AC-936E532233AF}.Release|Any CPU.Build.0 = Release|Any CPU
	EndGlobalSection
	GlobalSection(SolutionProperties) = preSolution
		HideSolutionNode = FALSE
	EndGlobalSection
	GlobalSection(ExtensibilityGlobals) = postSolution
		SolutionGuid = {FD66FDC7-B4C8-4727-A2CB-67645C85F991}
	EndGlobalSection
EndGlobal
