
Microsoft Visual Studio Solution File, Format Version 12.00
# Visual Studio Version 16
VisualStudioVersion = 16.0.30717.126
MinimumVisualStudioVersion = 10.0.40219.1
Project("{9A19103F-16F7-4668-BE54-9A1E7A4F7556}") = "qiitaSourceGenerator", "qiitaSourceGenerator\qiitaSourceGenerator.csproj", "{A0F57941-CEAD-4079-82FA-992884AC2C28}"
EndProject
Project("{FAE04EC0-301F-11D3-BF4B-00C04F79EFBC}") = "TestConsole", "TestConsole\TestConsole.csproj", "{20D6B60C-9C43-4C20-91B2-29604A83DBA7}"
EndProject
Global
	GlobalSection(SolutionConfigurationPlatforms) = preSolution
		Debug|Any CPU = Debug|Any CPU
		Release|Any CPU = Release|Any CPU
	EndGlobalSection
	GlobalSection(ProjectConfigurationPlatforms) = postSolution
		{A0F57941-CEAD-4079-82FA-992884AC2C28}.Debug|Any CPU.ActiveCfg = Debug|Any CPU
		{A0F57941-CEAD-4079-82FA-992884AC2C28}.Debug|Any CPU.Build.0 = Debug|Any CPU
		{A0F57941-CEAD-4079-82FA-992884AC2C28}.Release|Any CPU.ActiveCfg = Release|Any CPU
		{A0F57941-CEAD-4079-82FA-992884AC2C28}.Release|Any CPU.Build.0 = Release|Any CPU
		{20D6B60C-9C43-4C20-91B2-29604A83DBA7}.Debug|Any CPU.ActiveCfg = Debug|Any CPU
		{20D6B60C-9C43-4C20-91B2-29604A83DBA7}.Debug|Any CPU.Build.0 = Debug|Any CPU
		{20D6B60C-9C43-4C20-91B2-29604A83DBA7}.Release|Any CPU.ActiveCfg = Release|Any CPU
		{20D6B60C-9C43-4C20-91B2-29604A83DBA7}.Release|Any CPU.Build.0 = Release|Any CPU
	EndGlobalSection
	GlobalSection(SolutionProperties) = preSolution
		HideSolutionNode = FALSE
	EndGlobalSection
	GlobalSection(ExtensibilityGlobals) = postSolution
		SolutionGuid = {5D42FCE4-78E4-46D5-B9B9-288332E13A7B}
	EndGlobalSection
EndGlobal
